github.com/ziedyousfi/typr-io-go v0.1.1 h1:RwVHgDpAsCJpjZsDfeiVNbnO7oKetxFOTFhSXFlccTM=
github.com/ziedyousfi/typr-io-go v0.1.1/go.mod h1:Gy6XbxWERxv4fZiuTnB4RilJ8ZBTMBE5V/9rgkGLNH0=
github.com/ziedyousfi/typr-io-go v0.1.2 h1:qIBeP9AgSoXwB5+FzP265nF9Fah8VQ4hqK118l8sASI=
github.com/ziedyousfi/typr-io-go v0.1.2/go.mod h1:Gy6XbxWERxv4fZiuTnB4RilJ8ZBTMBE5V/9rgkGLNH0=
github.com/ziedyousfi/typr-io-go v0.1.3 h1:aDUTJHjMa4XRiLXeh1Zx54XW8uxse80ZXPdmrIuKib4=
github.com/ziedyousfi/typr-io-go v0.1.3/go.mod h1:Gy6XbxWERxv4fZiuTnB4RilJ8ZBTMBE5V/9rgkGLNH0=
github.com/ziedyousfi/typr-io-go v0.2.0 h1:04CfG51RRAR8ZRIEiy+dlF+q3l874nlkq0IBahDKQow=
github.com/ziedyousfi/typr-io-go v0.2.0/go.mod h1:Gy6XbxWERxv4fZiuTnB4RilJ8ZBTMBE5V/9rgkGLNH0=
